
Microsoft Visual Studio Solution File, Format Version 12.00
# Visual Studio Version 17
VisualStudioVersion = 17.14.36717.8 d17.14
MinimumVisualStudioVersion = 10.0.40219.1
Project("{FAE04EC0-301F-11D3-BF4B-00C04F79EFBC}") = "ECommerce.Shared", "ECommerce.Shared\ECommerce.Shared.csproj", "{E1937978-8566-4DA5-AE05-FDD6C1810B94}"
EndProject
Project("{FAE04EC0-301F-11D3-BF4B-00C04F79EFBC}") = "Inventory.API", "Inventory.API\Inventory.API.csproj", "{C3D3BE85-6504-4D67-BEFE-04F8D6325137}"
EndProject
Project("{FAE04EC0-301F-11D3-BF4B-00C04F79EFBC}") = "Notification.API", "Notification.API\Notification.API.csproj", "{004D7FFA-3289-4C48-BBD4-4C2F33C5E3B5}"
EndProject
Project("{FAE04EC0-301F-11D3-BF4B-00C04F79EFBC}") = "Order.API", "Order.API\Order.API.csproj", "{E36BB749-D5BB-4CD5-AB13-B142EC83E10C}"
EndProject
Project("{FAE04EC0-301F-11D3-BF4B-00C04F79EFBC}") = "Payment.API", "Payment.API\Payment.API.csproj", "{1BB581A9-9F0C-4169-A8A4-B0D81B79C3F1}"
EndProject
Project("{FAE04EC0-301F-11D3-BF4B-00C04F79EFBC}") = "ApiGateway.Yarp", "ApiGateway.Yarp\ApiGateway.Yarp.csproj", "{2DE8E124-EED5-4A7E-8ED3-A8EE185E9D38}"
EndProject
Project("{FAE04EC0-301F-11D3-BF4B-00C04F79EFBC}") = "ECommerce.Web", "ECommerce.Web\ECommerce.Web.csproj", "{2DF486CC-551E-46D6-83D0-D871FD393A57}"
EndProject
Global
	GlobalSection(SolutionConfigurationPlatforms) = preSolution
		Debug|Any CPU = Debug|Any CPU
		Release|Any CPU = Release|Any CPU
	EndGlobalSection
	GlobalSection(ProjectConfigurationPlatforms) = postSolution
		{E1937978-8566-4DA5-AE05-FDD6C1810B94}.Debug|Any CPU.ActiveCfg = Debug|Any CPU
		{E1937978-8566-4DA5-AE05-FDD6C1810B94}.Debug|Any CPU.Build.0 = Debug|Any CPU
		{E1937978-8566-4DA5-AE05-FDD6C1810B94}.Release|Any CPU.ActiveCfg = Release|Any CPU
		{E1937978-8566-4DA5-AE05-FDD6C1810B94}.Release|Any CPU.Build.0 = Release|Any CPU
		{C3D3BE85-6504-4D67-BEFE-04F8D6325137}.Debug|Any CPU.ActiveCfg = Debug|Any CPU
		{C3D3BE85-6504-4D67-BEFE-04F8D6325137}.Debug|Any CPU.Build.0 = Debug|Any CPU
		{C3D3BE85-6504-4D67-BEFE-04F8D6325137}.Release|Any CPU.ActiveCfg = Release|Any CPU
		{C3D3BE85-6504-4D67-BEFE-04F8D6325137}.Release|Any CPU.Build.0 = Release|Any CPU
		{004D7FFA-3289-4C48-BBD4-4C2F33C5E3B5}.Debug|Any CPU.ActiveCfg = Debug|Any CPU
		{004D7FFA-3289-4C48-BBD4-4C2F33C5E3B5}.Debug|Any CPU.Build.0 = Debug|Any CPU
		{004D7FFA-3289-4C48-BBD4-4C2F33C5E3B5}.Release|Any CPU.ActiveCfg = Release|Any CPU
		{004D7FFA-3289-4C48-BBD4-4C2F33C5E3B5}.Release|Any CPU.Build.0 = Release|Any CPU
		{E36BB749-D5BB-4CD5-AB13-B142EC83E10C}.Debug|Any CPU.ActiveCfg = Debug|Any CPU
		{E36BB749-D5BB-4CD5-AB13-B142EC83E10C}.Debug|Any CPU.Build.0 = Debug|Any CPU
		{E36BB749-D5BB-4CD5-AB13-B142EC83E10C}.Release|Any CPU.ActiveCfg = Release|Any CPU
		{E36BB749-D5BB-4CD5-AB13-B142EC83E10C}.Release|Any CPU.Build.0 = Release|Any CPU
		{1BB581A9-9F0C-4169-A8A4-B0D81B79C3F1}.Debug|Any CPU.ActiveCfg = Debug|Any CPU
		{1BB581A9-9F0C-4169-A8A4-B0D81B79C3F1}.Debug|Any CPU.Build.0 = Debug|Any CPU
		{1BB581A9-9F0C-4169-A8A4-B0D81B79C3F1}.Release|Any CPU.ActiveCfg = Release|Any CPU
		{1BB581A9-9F0C-4169-A8A4-B0D81B79C3F1}.Release|Any CPU.Build.0 = Release|Any CPU
		{2DE8E124-EED5-4A7E-8ED3-A8EE185E9D38}.Debug|Any CPU.ActiveCfg = Debug|Any CPU
		{2DE8E124-EED5-4A7E-8ED3-A8EE185E9D38}.Debug|Any CPU.Build.0 = Debug|Any CPU
		{2DE8E124-EED5-4A7E-8ED3-A8EE185E9D38}.Release|Any CPU.ActiveCfg = Release|Any CPU
		{2DE8E124-EED5-4A7E-8ED3-A8EE185E9D38}.Release|Any CPU.Build.0 = Release|Any CPU
		{2DF486CC-551E-46D6-83D0-D871FD393A57}.Debug|Any CPU.ActiveCfg = Debug|Any CPU
		{2DF486CC-551E-46D6-83D0-D871FD393A57}.Debug|Any CPU.Build.0 = Debug|Any CPU
		{2DF486CC-551E-46D6-83D0-D871FD393A57}.Release|Any CPU.ActiveCfg = Release|Any CPU
		{2DF486CC-551E-46D6-83D0-D871FD393A57}.Release|Any CPU.Build.0 = Release|Any CPU
	EndGlobalSection
	GlobalSection(SolutionProperties) = preSolution
		HideSolutionNode = FALSE
	EndGlobalSection
	GlobalSection(ExtensibilityGlobals) = postSolution
		SolutionGuid = {3EEDE1D0-4821-4BFD-A0CF-71E1C6290E20}
	EndGlobalSection
EndGlobal
